
Microsoft Visual Studio Solution File, Format Version 12.00
# Visual Studio Version 17
VisualStudioVersion = 17.5.002.0
MinimumVisualStudioVersion = 10.0.40219.1
Project("{9A19103F-16F7-4668-BE54-9A1E7A4F7556}") = "Testing.Code", "Testing.Code.csproj", "{CBD81FE0-5BB8-4A21-83A2-7B1EBCE88E86}"
EndProject
Global
	GlobalSection(SolutionConfigurationPlatforms) = preSolution
		Debug|Any CPU = Debug|Any CPU
		Release|Any CPU = Release|Any CPU
	EndGlobalSection
	GlobalSection(ProjectConfigurationPlatforms) = postSolution
		{CBD81FE0-5BB8-4A21-83A2-7B1EBCE88E86}.Debug|Any CPU.ActiveCfg = Debug|Any CPU
		{CBD81FE0-5BB8-4A21-83A2-7B1EBCE88E86}.Debug|Any CPU.Build.0 = Debug|Any CPU
		{CBD81FE0-5BB8-4A21-83A2-7B1EBCE88E86}.Release|Any CPU.ActiveCfg = Release|Any CPU
		{CBD81FE0-5BB8-4A21-83A2-7B1EBCE88E86}.Release|Any CPU.Build.0 = Release|Any CPU
	EndGlobalSection
	GlobalSection(SolutionProperties) = preSolution
		HideSolutionNode = FALSE
	EndGlobalSection
	GlobalSection(ExtensibilityGlobals) = postSolution
		SolutionGuid = {E4E98669-6D17-4FB9-898D-4ACE1FCB4D3C}
	EndGlobalSection
EndGlobal
